
Microsoft Visual Studio Solution File, Format Version 12.00
# Visual Studio 15
VisualStudioVersion = 15.0.28307.1169
MinimumVisualStudioVersion = 10.0.40219.1
Project("{FAE04EC0-301F-11D3-BF4B-00C04F79EFBC}") = "OOP_Revisited", "OOP_Revisited\OOP_Revisited.csproj", "{68C38FAB-AAF0-40E1-8673-373311499FBD}"
EndProject
Global
	GlobalSection(SolutionConfigurationPlatforms) = preSolution
		Debug|Any CPU = Debug|Any CPU
		Release|Any CPU = Release|Any CPU
	EndGlobalSection
	GlobalSection(ProjectConfigurationPlatforms) = postSolution
		{68C38FAB-AAF0-40E1-8673-373311499FBD}.Debug|Any CPU.ActiveCfg = Debug|Any CPU
		{68C38FAB-AAF0-40E1-8673-373311499FBD}.Debug|Any CPU.Build.0 = Debug|Any CPU
		{68C38FAB-AAF0-40E1-8673-373311499FBD}.Release|Any CPU.ActiveCfg = Release|Any CPU
		{68C38FAB-AAF0-40E1-8673-373311499FBD}.Release|Any CPU.Build.0 = Release|Any CPU
	EndGlobalSection
	GlobalSection(SolutionProperties) = preSolution
		HideSolutionNode = FALSE
	EndGlobalSection
	GlobalSection(ExtensibilityGlobals) = postSolution
		SolutionGuid = {1C21F000-429E-49DC-AF0C-53316ADFD8F6}
	EndGlobalSection
EndGlobal
